<?xml version="1.0" encoding="utf-8"?>
<Project ToolsVersion="4.0" xmlns="http://schemas.microsoft.com/developer/msbuild/2003">
  <ItemGroup>
    <Filter Include="Source Files">
      <UniqueIdentifier>{4FC737F1-C7A5-4376-A066-2A32D752A2FF}</UniqueIdentifier>
      <Extensions>cpp;c;cc;cxx;def;odl;idl;hpj;bat;asm;asmx</Extensions>
    </Filter>
    <Filter Include="Source Files\ges.cpp">
      <UniqueIdentifier>{8a552578-a84b-41d1-826b-82913fc7e1bd}</UniqueIdentifier>
    </Filter>
    <Filter Include="Source Files\css_cpp">
      <UniqueIdentifier>{e9825078-d926-4f36-9d35-c9d1c7fd2f91}</UniqueIdentifier>
    </Filter>
    <Filter Include="Header Files">
      <UniqueIdentifier>{93995380-89BD-4b04-88EB-625FBE52EBFB}</UniqueIdentifier>
      <Extensions>h;hpp;hxx;hm;inl;inc;xsd</Extensions>
    </Filter>
    <Filter Include="Header Files\ges_h">
      <UniqueIdentifier>{ccbaed10-f28f-457d-9c30-c8ac8e1cffa6}</UniqueIdentifier>
    </Filter>
    <Filter Include="Header Files\ccs_h">
      <UniqueIdentifier>{30cb025f-83ba-4121-aca5-2925cb09d6e5}</UniqueIdentifier>
    </Filter>
    <Filter Include="Resource Files">
      <UniqueIdentifier>{67DA6AB6-F800-4c08-8B7A-83BB121AAD01}</UniqueIdentifier>
      <Extensions>rc;ico;cur;bmp;dlg;rc2;rct;bin;rgs;gif;jpg;jpeg;jpe;resx;tiff;tif;png;wav</Extensions>
    </Filter>
  </ItemGroup>
  <ItemGroup>
    <ClCompile Include="3D_Measure_CCSUI.cpp">
      <Filter>Source Files</Filter>
    </ClCompile>
    <ClCompile Include="3D_Measure_CCSUIDlg.cpp">
      <Filter>Source Files</Filter>
    </ClCompile>
    <ClCompile Include="lib\cAcqEasy.cpp">
      <Filter>Source Files</Filter>
    </ClCompile>
    <ClCompile Include="stdafx.cpp">
      <Filter>Source Files</Filter>
    </ClCompile>
    <ClCompile Include="gesWork.cpp">
      <Filter>Source Files\ges.cpp</Filter>
    </ClCompile>
  </ItemGroup>
  <ItemGroup>
    <ClInclude Include="3D_Measure_CCSUI.h">
      <Filter>Header Files</Filter>
    </ClInclude>
    <ClInclude Include="3D_Measure_CCSUIDlg.h">
      <Filter>Header Files</Filter>
    </ClInclude>
    <ClInclude Include="lib\cAcqEasy.h">
      <Filter>Header Files</Filter>
    </ClInclude>
    <ClInclude Include="lib\cAcqEasyType.h">
      <Filter>Header Files</Filter>
    </ClInclude>
    <ClInclude Include="lib\Colorimetry.h">
      <Filter>Header Files</Filter>
    </ClInclude>
    <ClInclude Include="lib\ges.h">
      <Filter>Header Files</Filter>
    </ClInclude>
    <ClInclude Include="lib\Mchr.h">
      <Filter>Header Files</Filter>
    </ClInclude>
    <ClInclude Include="lib\MchrDefine.h">
      <Filter>Header Files</Filter>
    </ClInclude>
    <ClInclude Include="lib\MchrError.h">
      <Filter>Header Files</Filter>
    </ClInclude>
    <ClInclude Include="lib\MchrType.h">
      <Filter>Header Files</Filter>
    </ClInclude>
    <ClInclude Include="Resource.h">
      <Filter>Header Files</Filter>
    </ClInclude>
    <ClInclude Include="lib\Sawli.h">
      <Filter>Header Files</Filter>
    </ClInclude>
    <ClInclude Include="stdafx.h">
      <Filter>Header Files</Filter>
    </ClInclude>
    <ClInclude Include="gesWork.h">
      <Filter>Header Files\ges_h</Filter>
    </ClInclude>
  </ItemGroup>
  <ItemGroup>
    <None Include="res\3D_Measure_CCSUI.ico">
      <Filter>Resource Files</Filter>
    </None>
    <None Include="res\My3D_Measure_CCSUI.rc2">
      <Filter>Resource Files</Filter>
    </None>
    <None Include="ReadMe.txt" />
  </ItemGroup>
  <ItemGroup>
    <ResourceCompile Include="3D_Measure_CCSUI.rc">
      <Filter>Resource Files</Filter>
    </ResourceCompile>
  </ItemGroup>
</Project>